{
    "_meta": {
        "hash": {
            "sha256": "e4b8fcac31bef0c6ef23f515e80cbbba4cdbb7458d5a9f3191fe43eb9064c968"
        },
        "pipfile-spec": 6,
        "requires": {},
        "sources": [
            {
                "name": "pypi",
                "url": "https://pypi.python.org/simple",
                "verify_ssl": true
            }
        ]
    },
    "default": {
        "bottle": {
            "hashes": [
                "sha256:a9d73ffcbc6a1345ca2d7949638db46349f5b2b77dac65d6494d45c23628da2c",
                "sha256:f6b8a34fe9aa406f9813c02990db72ca69ce6a158b5b156d2c41f345016a723d"
            ],
            "index": "pypi",
            "version": "==0.12.19"
        },
        "bottle-sqlalchemy": {
            "hashes": [
                "sha256:ba6127f3aff2b78649781adbbee65518233dc481e9f9e32e3b050d1ad9551c17"
            ],
            "index": "pypi",
            "version": "==0.4.3"
        },
        "jinja2": {
            "hashes": [
                "sha256:89aab215427ef59c34ad58735269eb58b1a5808103067f7bb9d5836c651b3bb0",
                "sha256:f0a4641d3cf955324a89c04f3d94663aa4d638abe8f733ecd3582848e1c37035"
            ],
            "index": "pypi",
            "version": "==2.11.2"
        },
        "markupsafe": {
            "hashes": [
                "sha256:00bc623926325b26bb9605ae9eae8a215691f33cae5df11ca5424f06f2d1f473",
                "sha256:09027a7803a62ca78792ad89403b1b7a73a01c8cb65909cd876f7fcebd79b161",
                "sha256:09c4b7f37d6c648cb13f9230d847adf22f8171b1ccc4d5682398e77f40309235",
                "sha256:1027c282dad077d0bae18be6794e6b6b8c91d58ed8a8d89a89d59693b9131db5",
                "sha256:13d3144e1e340870b25e7b10b98d779608c02016d5184cfb9927a9f10c689f42",
                "sha256:24982cc2533820871eba85ba648cd53d8623687ff11cbb805be4ff7b4c971aff",
                "sha256:29872e92839765e546828bb7754a68c418d927cd064fd4708fab9fe9c8bb116b",
                "sha256:43a55c2930bbc139570ac2452adf3d70cdbb3cfe5912c71cdce1c2c6bbd9c5d1",
                "sha256:46c99d2de99945ec5cb54f23c8cd5689f6d7177305ebff350a58ce5f8de1669e",
                "sha256:500d4957e52ddc3351cabf489e79c91c17f6e0899158447047588650b5e69183",
                "sha256:535f6fc4d397c1563d08b88e485c3496cf5784e927af890fb3c3aac7f933ec66",
                "sha256:596510de112c685489095da617b5bcbbac7dd6384aeebeda4df6025d0256a81b",
                "sha256:62fe6c95e3ec8a7fad637b7f3d372c15ec1caa01ab47926cfdf7a75b40e0eac1",
                "sha256:6788b695d50a51edb699cb55e35487e430fa21f1ed838122d722e0ff0ac5ba15",
                "sha256:6dd73240d2af64df90aa7c4e7481e23825ea70af4b4922f8ede5b9e35f78a3b1",
                "sha256:717ba8fe3ae9cc0006d7c451f0bb265ee07739daf76355d06366154ee68d221e",
                "sha256:79855e1c5b8da654cf486b830bd42c06e8780cea587384cf6545b7d9ac013a0b",
                "sha256:7c1699dfe0cf8ff607dbdcc1e9b9af1755371f92a68f706051cc8c37d447c905",
                "sha256:88e5fcfb52ee7b911e8bb6d6aa2fd21fbecc674eadd44118a9cc3863f938e735",
                "sha256:8defac2f2ccd6805ebf65f5eeb132adcf2ab57aa11fdf4c0dd5169a004710e7d",
                "sha256:98c7086708b163d425c67c7a91bad6e466bb99d797aa64f965e9d25c12111a5e",
                "sha256:9add70b36c5666a2ed02b43b335fe19002ee5235efd4b8a89bfcf9005bebac0d",
                "sha256:9bf40443012702a1d2070043cb6291650a0841ece432556f784f004937f0f32c",
                "sha256:ade5e387d2ad0d7ebf59146cc00c8044acbd863725f887353a10df825fc8ae21",
                "sha256:b00c1de48212e4cc9603895652c5c410df699856a2853135b3967591e4beebc2",
                "sha256:b1282f8c00509d99fef04d8ba936b156d419be841854fe901d8ae224c59f0be5",
                "sha256:b2051432115498d3562c084a49bba65d97cf251f5a331c64a12ee7e04dacc51b",
                "sha256:ba59edeaa2fc6114428f1637ffff42da1e311e29382d81b339c1817d37ec93c6",
                "sha256:c8716a48d94b06bb3b2524c2b77e055fb313aeb4ea620c8dd03a105574ba704f",
                "sha256:cd5df75523866410809ca100dc9681e301e3c27567cf498077e8551b6d20e42f",
                "sha256:cdb132fc825c38e1aeec2c8aa9338310d29d337bebbd7baa06889d09a60a1fa2",
                "sha256:e249096428b3ae81b08327a63a485ad0878de3fb939049038579ac0ef61e17e7",
                "sha256:e8313f01ba26fbbe36c7be1966a7b7424942f670f38e666995b88d012765b9be"
            ],
            "index": "pypi",
            "version": "==1.1.1"
        },
        "sqlalchemy": {
            "hashes": [
                "sha256:00d377c3fc069ba615091dee73b90446388091123a8d976c24376eb1044cba6f",
                "sha256:0bc49cba55b01b6827d1c303486da1afaaaf65a7a4d0e2be2cbc31c0f56752dc",
                "sha256:0f7b310fd84cf81d49c9aa1fb5eaeba2d16c490e8d3969586cd1eb8e4aedefbf",
                "sha256:0f851547a28a4c2bd5b7fc6d05a306b9460d6f7a256989af11d8ddcdc386cc46",
                "sha256:16de3aad992eddbce3204832947bafd92b5de50364aea353cd21127132cee2ca",
                "sha256:20fd664489567d23eb049a0441ddc057cba46f704bb1980c2ac0c6a47a9c32c7",
                "sha256:24c1dbc7089dc88fba12f1fdd0ea42f57d111a54a9071c745264c00e73152fe8",
                "sha256:3c024c191e019bd673fe48cdf3bca1215f971bfd189838841903fa12ef206fb4",
                "sha256:3f4c7463703030470f2af3e988681ab2fa08270282fc55ede448aed0854ca8ba",
                "sha256:40c56eba051c504f85ea6cbc2cb4ec2bb83f06e8479041075a16b35f0bae3400",
                "sha256:4329ca33a1c266ec9910ca697821f2a712d34089092fad9f9666ea193c5e02fa",
                "sha256:4346ffc0a8756bfd8db4679c9bb52564f74fe1ffd60e6899db06823f111dbd9c",
                "sha256:4a128f45f404d78bbb0a629cc58dd090bdfded37e568c4016cf2252585eb018a",
                "sha256:4d35478f0dd39eb3439f5970cc2c8396bb5c4881c4f8e3900ba041b4103ed86b",
                "sha256:561a6a3e799c59c6221e4e50deb18bc97434b480fb4a68da3623b609fb38f428",
                "sha256:574e4da65e2f9cf083b24e34c10db2aeae8a7642628ef2c0e26ff202c1fd58f0",
                "sha256:61bb5c71837845ee31c0cbe87b3c7f92652dbeafa10295f45610ea6bf349d887",
                "sha256:6b3e85d513a3d59437047c262ff99d801f5727f6a25497aa6880da44f33d0170",
                "sha256:7478f45f9b3cf2a2cb8808fd8ffe436e92f7332d4da1f4e8c559d5602189ac4b",
                "sha256:7a1387fe4cd491122b49af565fb833b90dd1ecf360dd76173b75253981bea5bb",
                "sha256:87b8314132081da1d3aa46dcd7b7a6ce7dc76cf7941471e659f740138a725a07",
                "sha256:8952188c690e521ee2a33a7ff2b878a5dc475e389d85085e585104d819f2d8b1",
                "sha256:8eef062f9dacc32b4d498a2822ce5a61badb041b202c448e829c253051d24ef0",
                "sha256:94dbaf31729e2108050351b830b9f304bfa4838f8c60981b0b46cf257e528f17",
                "sha256:b25856479c240e0ecf28562d3c4cf1b4786ad2c0a7825b9d67c1db6293156bae",
                "sha256:bac445ed686fc0be02f6b4d64e5702ea5b4eef9849a7ad16522b2eea95d1dd3a",
                "sha256:be4ac1036512db122964e4a41dc9bc08815ed772e37ac2a481fa825f58fcf5ee",
                "sha256:c08baad28cb37dd35fa4c227fc4c312b1f65f7bb19a557995e160cce80b58b2c",
                "sha256:c3651d8023a9bba79c9d2c80c745237fd7ee77f001bd6c9aab9350024f0e8d01",
                "sha256:cf4977686e92f59cb965959dd2076e1a4c06f37ebb263a9674721aaec02684d4",
                "sha256:d366bc4d0655a7926733e1b29258cc3c876b8520b61923e4838954eb0e3ec290",
                "sha256:d45170c234e0294a2a46cdc46b487ccb708aaf927f54da1862c75d723f494e5e",
                "sha256:d6090f68ba8db34864f9befd3aab60e60642443c57a65b781d43f4088514e4c6",
                "sha256:dc87984befa099d42f1cd5ab9e298864af1acc568932716c33ba78dde8241a01",
                "sha256:de707a9aa9395d44d427793ea77403698f9193b9fc7d81139c03f7239d88c4ae",
                "sha256:dff61e81cbabdb4dd6dee421ae8842b3191468a602e909e23940890f553f7ac3",
                "sha256:f462b59addafcf69570164bdfa1e7f44653653ae571b7964fad50132b8c1b608",
                "sha256:f84c06915c752e25068151b834b3470307317a73ddae8b9def034face0e7ef37"
            ],
            "index": "pypi",
            "version": "==1.3.21"
        }
    },
    "develop": {
        "autopep8": {
            "hashes": [
                "sha256:d21d3901cb0da6ebd1e83fc9b0dfbde8b46afc2ede4fe32fbda0c7c6118ca094"
            ],
            "index": "pypi",
            "version": "==1.5.4"
        },
        "pycodestyle": {
            "hashes": [
                "sha256:2295e7b2f6b5bd100585ebcb1f616591b652db8a741695b3d8f5d28bdc934367",
                "sha256:c58a7d2815e0e8d7972bf1803331fb0152f867bd89adf8a01dfd55085434192e"
            ],
            "version": "==2.6.0"
        },
        "toml": {
            "hashes": [
                "sha256:806143ae5bfb6a3c6e736a764057db0e6a0e05e338b5630894a5f779cabb4f9b",
                "sha256:b3bda1d108d5dd99f4a20d24d9c348e91c4db7ab1b749200bded2f839ccbe68f"
            ],
            "version": "==0.10.2"
        }
    }
}
